
Microsoft Visual Studio Solution File, Format Version 11.00
# Visual Studio 2010
Project("{FAE04EC0-301F-11D3-BF4B-00C04F79EFBC}") = "rollball", "Assembly-CSharp.csproj", "{79EA567F-F0FB-B20F-7C7A-100DE0BF94F0}"
EndProject
Project("{FAE04EC0-301F-11D3-BF4B-00C04F79EFBC}") = "rollball", "Assembly-CSharp-firstpass.csproj", "{4F4CD79B-6918-95EF-AA16-AE58615F01A3}"
EndProject
Project("{FAE04EC0-301F-11D3-BF4B-00C04F79EFBC}") = "rollball", "Assembly-CSharp-Editor-firstpass.csproj", "{90D1DE27-B79D-64B9-4776-C0FB2F82930B}"
EndProject
Global
	GlobalSection(SolutionConfigurationPlatforms) = preSolution
		Debug|Any CPU = Debug|Any CPU
		Release|Any CPU = Release|Any CPU
	EndGlobalSection
	GlobalSection(ProjectConfigurationPlatforms) = postSolution
		{79EA567F-F0FB-B20F-7C7A-100DE0BF94F0}.Debug|Any CPU.ActiveCfg = Debug|Any CPU
		{79EA567F-F0FB-B20F-7C7A-100DE0BF94F0}.Debug|Any CPU.Build.0 = Debug|Any CPU
		{79EA567F-F0FB-B20F-7C7A-100DE0BF94F0}.Release|Any CPU.ActiveCfg = Release|Any CPU
		{79EA567F-F0FB-B20F-7C7A-100DE0BF94F0}.Release|Any CPU.Build.0 = Release|Any CPU
		{4F4CD79B-6918-95EF-AA16-AE58615F01A3}.Debug|Any CPU.ActiveCfg = Debug|Any CPU
		{4F4CD79B-6918-95EF-AA16-AE58615F01A3}.Debug|Any CPU.Build.0 = Debug|Any CPU
		{4F4CD79B-6918-95EF-AA16-AE58615F01A3}.Release|Any CPU.ActiveCfg = Release|Any CPU
		{4F4CD79B-6918-95EF-AA16-AE58615F01A3}.Release|Any CPU.Build.0 = Release|Any CPU
		{90D1DE27-B79D-64B9-4776-C0FB2F82930B}.Debug|Any CPU.ActiveCfg = Debug|Any CPU
		{90D1DE27-B79D-64B9-4776-C0FB2F82930B}.Debug|Any CPU.Build.0 = Debug|Any CPU
		{90D1DE27-B79D-64B9-4776-C0FB2F82930B}.Release|Any CPU.ActiveCfg = Release|Any CPU
		{90D1DE27-B79D-64B9-4776-C0FB2F82930B}.Release|Any CPU.Build.0 = Release|Any CPU
	EndGlobalSection
	GlobalSection(SolutionProperties) = preSolution
		HideSolutionNode = FALSE
	EndGlobalSection
	GlobalSection(MonoDevelopProperties) = preSolution
		StartupItem = Assembly-CSharp.csproj
	EndGlobalSection
EndGlobal
